PODS:
  - AFNetworking (4.0.1):
    - AFNetworking/NSURLSession (= 4.0.1)
    - AFNetworking/Reachability (= 4.0.1)
    - AFNetworking/Security (= 4.0.1)
    - AFNetworking/Serialization (= 4.0.1)
    - AFNetworking/UIKit (= 4.0.1)
  - AFNetworking/NSURLSession (4.0.1):
    - AFNetworking/Reachability
    - AFNetworking/Security
    - AFNetworking/Serialization
  - AFNetworking/Reachability (4.0.1)
  - AFNetworking/Security (4.0.1)
  - AFNetworking/Serialization (4.0.1)
  - AFNetworking/UIKit (4.0.1):
    - AFNetworking/NSURLSession
  - Alamofire (5.2.2)
  - HandyJSON (5.0.2)
  - Kingfisher (5.15.6):
    - Kingfisher/Core (= 5.15.6)
  - Kingfisher/Core (5.15.6)

DEPENDENCIES:
  - AFNetworking
  - Alamofire
  - HandyJSON
  - Kingfisher

SPEC REPOS:
  trunk:
    - AFNetworking
    - Alamofire
    - HandyJSON
    - Kingfisher

SPEC CHECKSUMS:
  AFNetworking: 7864c38297c79aaca1500c33288e429c3451fdce
  Alamofire: 814429acc853c6c54ff123fc3d2ef66803823ce0
  HandyJSON: 9e4e236f5d2dbefad5155a77417bbea438201c03
  Kingfisher: b3554e7bf6106115b44e8795300bad580ef2fdc7

PODFILE CHECKSUM: 164be11cf1fb5a8ac2fe64f7689de76729b60984

COCOAPODS: 1.9.3
