// !$*UTF8*$!
{
	archiveVersion = 1;
	classes = {
	};
	objectVersion = 50;
	objects = {

/* Begin PBXBuildFile section */
		302B3220247FB075007AEA23 /* MainStart.m in Sources */ = {isa = PBXBuildFile; fileRef = 302B321F247FB075007AEA23 /* MainStart.m */; };
		3033B419247EB0B4003A5A9B /* main.m in Sources */ = {isa = PBXBuildFile; fileRef = 3033B418247EB0B4003A5A9B /* main.m */; };
		30A90B9B2491363000B47D50 /* TestObjct.m in Sources */ = {isa = PBXBuildFile; fileRef = 30A90B9A2491363000B47D50 /* TestObjct.m */; };
		30A90B9E2491367F00B47D50 /* TestObjct+num1.m in Sources */ = {isa = PBXBuildFile; fileRef = 30A90B9D2491367F00B47D50 /* TestObjct+num1.m */; };
		30A90BA12491368700B47D50 /* TestObjct+num2.m in Sources */ = {isa = PBXBuildFile; fileRef = 30A90BA02491368700B47D50 /* TestObjct+num2.m */; };
		30A90BA724913EE300B47D50 /* SuperClass.m in Sources */ = {isa = PBXBuildFile; fileRef = 30A90BA624913EE300B47D50 /* SuperClass.m */; };
/* End PBXBuildFile section */

/* Begin PBXCopyFilesBuildPhase section */
		3033B413247EB0B4003A5A9B /* CopyFiles */ = {
			isa = PBXCopyFilesBuildPhase;
			buildActionMask = 2147483647;
			dstPath = /usr/share/man/man1/;
			dstSubfolderSpec = 0;
			files = (
			);
			runOnlyForDeploymentPostprocessing = 1;
		};
/* End PBXCopyFilesBuildPhase section */

/* Begin PBXFileReference section */
		302B321E247FB075007AEA23 /* MainStart.h */ = {isa = PBXFileReference; lastKnownFileType = sourcecode.c.h; path = MainStart.h; sourceTree = "<group>"; };
		302B321F247FB075007AEA23 /* MainStart.m */ = {isa = PBXFileReference; lastKnownFileType = sourcecode.c.objc; path = MainStart.m; sourceTree = "<group>"; };
		3033B415247EB0B4003A5A9B /* CMDTest */ = {isa = PBXFileReference; explicitFileType = "compiled.mach-o.executable"; includeInIndex = 0; path = CMDTest; sourceTree = BUILT_PRODUCTS_DIR; };
		3033B418247EB0B4003A5A9B /* main.m */ = {isa = PBXFileReference; lastKnownFileType = sourcecode.c.objc; path = main.m; sourceTree = "<group>"; };
		30A90B992491363000B47D50 /* TestObjct.h */ = {isa = PBXFileReference; lastKnownFileType = sourcecode.c.h; path = TestObjct.h; sourceTree = "<group>"; };
		30A90B9A2491363000B47D50 /* TestObjct.m */ = {isa = PBXFileReference; lastKnownFileType = sourcecode.c.objc; path = TestObjct.m; sourceTree = "<group>"; };
		30A90B9C2491367F00B47D50 /* TestObjct+num1.h */ = {isa = PBXFileReference; lastKnownFileType = sourcecode.c.h; path = "TestObjct+num1.h"; sourceTree = "<group>"; };
		30A90B9D2491367F00B47D50 /* TestObjct+num1.m */ = {isa = PBXFileReference; lastKnownFileType = sourcecode.c.objc; path = "TestObjct+num1.m"; sourceTree = "<group>"; };
		30A90B9F2491368700B47D50 /* TestObjct+num2.h */ = {isa = PBXFileReference; lastKnownFileType = sourcecode.c.h; path = "TestObjct+num2.h"; sourceTree = "<group>"; };
		30A90BA02491368700B47D50 /* TestObjct+num2.m */ = {isa = PBXFileReference; lastKnownFileType = sourcecode.c.objc; path = "TestObjct+num2.m"; sourceTree = "<group>"; };
		30A90BA22491383100B47D50 /* NSObject+Test.h */ = {isa = PBXFileReference; lastKnownFileType = sourcecode.c.h; path = "NSObject+Test.h"; sourceTree = "<group>"; };
		30A90BA42491399600B47D50 /* TestObjct+Test.h */ = {isa = PBXFileReference; lastKnownFileType = sourcecode.c.h; path = "TestObjct+Test.h"; sourceTree = "<group>"; };
		30A90BA524913EE300B47D50 /* SuperClass.h */ = {isa = PBXFileReference; lastKnownFileType = sourcecode.c.h; path = SuperClass.h; sourceTree = "<group>"; };
		30A90BA624913EE300B47D50 /* SuperClass.m */ = {isa = PBXFileReference; lastKnownFileType = sourcecode.c.objc; path = SuperClass.m; sourceTree = "<group>"; };
/* End PBXFileReference section */

/* Begin PBXFrameworksBuildPhase section */
		3033B412247EB0B4003A5A9B /* Frameworks */ = {
			isa = PBXFrameworksBuildPhase;
			buildActionMask = 2147483647;
			files = (
			);
			runOnlyForDeploymentPostprocessing = 0;
		};
/* End PBXFrameworksBuildPhase section */

/* Begin PBXGroup section */
		3033B40C247EB0B4003A5A9B = {
			isa = PBXGroup;
			children = (
				3033B417247EB0B4003A5A9B /* CMDTest */,
				3033B416247EB0B4003A5A9B /* Products */,
			);
			sourceTree = "<group>";
		};
		3033B416247EB0B4003A5A9B /* Products */ = {
			isa = PBXGroup;
			children = (
				3033B415247EB0B4003A5A9B /* CMDTest */,
			);
			name = Products;
			sourceTree = "<group>";
		};
		3033B417247EB0B4003A5A9B /* CMDTest */ = {
			isa = PBXGroup;
			children = (
				3033B418247EB0B4003A5A9B /* main.m */,
				302B321E247FB075007AEA23 /* MainStart.h */,
				302B321F247FB075007AEA23 /* MainStart.m */,
				30A90B992491363000B47D50 /* TestObjct.h */,
				30A90B9A2491363000B47D50 /* TestObjct.m */,
				30A90B9C2491367F00B47D50 /* TestObjct+num1.h */,
				30A90B9D2491367F00B47D50 /* TestObjct+num1.m */,
				30A90B9F2491368700B47D50 /* TestObjct+num2.h */,
				30A90BA02491368700B47D50 /* TestObjct+num2.m */,
				30A90BA22491383100B47D50 /* NSObject+Test.h */,
				30A90BA42491399600B47D50 /* TestObjct+Test.h */,
				30A90BA524913EE300B47D50 /* SuperClass.h */,
				30A90BA624913EE300B47D50 /* SuperClass.m */,
			);
			path = CMDTest;
			sourceTree = "<group>";
		};
/* End PBXGroup section */

/* Begin PBXNativeTarget section */
		3033B414247EB0B4003A5A9B /* CMDTest */ = {
			isa = PBXNativeTarget;
			buildConfigurationList = 3033B41C247EB0B4003A5A9B /* Build configuration list for PBXNativeTarget "CMDTest" */;
			buildPhases = (
				3033B411247EB0B4003A5A9B /* Sources */,
				3033B412247EB0B4003A5A9B /* Frameworks */,
				3033B413247EB0B4003A5A9B /* CopyFiles */,
			);
			buildRules = (
			);
			dependencies = (
			);
			name = CMDTest;
			productName = CMDTest;
			productReference = 3033B415247EB0B4003A5A9B /* CMDTest */;
			productType = "com.apple.product-type.tool";
		};
/* End PBXNativeTarget section */

/* Begin PBXProject section */
		3033B40D247EB0B4003A5A9B /* Project object */ = {
			isa = PBXProject;
			attributes = {
				LastUpgradeCheck = 1130;
				ORGANIZATIONNAME = gaoyuan;
				TargetAttributes = {
					3033B414247EB0B4003A5A9B = {
						CreatedOnToolsVersion = 11.3.1;
					};
				};
			};
			buildConfigurationList = 3033B410247EB0B4003A5A9B /* Build configuration list for PBXProject "CMDTest" */;
			compatibilityVersion = "Xcode 9.3";
			developmentRegion = en;
			hasScannedForEncodings = 0;
			knownRegions = (
				en,
				Base,
			);
			mainGroup = 3033B40C247EB0B4003A5A9B;
			productRefGroup = 3033B416247EB0B4003A5A9B /* Products */;
			projectDirPath = "";
			projectRoot = "";
			targets = (
				3033B414247EB0B4003A5A9B /* CMDTest */,
			);
		};
/* End PBXProject section */

/* Begin PBXSourcesBuildPhase section */
		3033B411247EB0B4003A5A9B /* Sources */ = {
			isa = PBXSourcesBuildPhase;
			buildActionMask = 2147483647;
			files = (
				3033B419247EB0B4003A5A9B /* main.m in Sources */,
				30A90B9E2491367F00B47D50 /* TestObjct+num1.m in Sources */,
				30A90BA12491368700B47D50 /* TestObjct+num2.m in Sources */,
				302B3220247FB075007AEA23 /* MainStart.m in Sources */,
				30A90BA724913EE300B47D50 /* SuperClass.m in Sources */,
				30A90B9B2491363000B47D50 /* TestObjct.m in Sources */,
			);
			runOnlyForDeploymentPostprocessing = 0;
		};
/* End PBXSourcesBuildPhase section */

/* Begin XCBuildConfiguration section */
		3033B41A247EB0B4003A5A9B /* Debug */ = {
			isa = XCBuildConfiguration;
			buildSettings = {
				ALWAYS_SEARCH_USER_PATHS = NO;
				CLANG_ANALYZER_NONNULL = YES;
				CLANG_ANALYZER_NUMBER_OBJECT_CONVERSION = YES_AGGRESSIVE;
				CLANG_CXX_LANGUAGE_STANDARD = "gnu++14";
				CLANG_CXX_LIBRARY = "libc++";
				CLANG_ENABLE_MODULES = YES;
				CLANG_ENABLE_OBJC_ARC = YES;
				CLANG_ENABLE_OBJC_WEAK = YES;
				CLANG_WARN_BLOCK_CAPTURE_AUTORELEASING = YES;
				CLANG_WARN_BOOL_CONVERSION = YES;
				CLANG_WARN_COMMA = YES;
				CLANG_WARN_CONSTANT_CONVERSION = YES;
				CLANG_WARN_DEPRECATED_OBJC_IMPLEMENTATIONS = YES;
				CLANG_WARN_DIRECT_OBJC_ISA_USAGE = YES_ERROR;
				CLANG_WARN_DOCUMENTATION_COMMENTS = YES;
				CLANG_WARN_EMPTY_BODY = YES;
				CLANG_WARN_ENUM_CONVERSION = YES;
				CLANG_WARN_INFINITE_RECURSION = YES;
				CLANG_WARN_INT_CONVERSION = YES;
				CLANG_WARN_NON_LITERAL_NULL_CONVERSION = YES;
				CLANG_WARN_OBJC_IMPLICIT_RETAIN_SELF = YES;
				CLANG_WARN_OBJC_LITERAL_CONVERSION = YES;
				CLANG_WARN_OBJC_ROOT_CLASS = YES_ERROR;
				CLANG_WARN_RANGE_LOOP_ANALYSIS = YES;
				CLANG_WARN_STRICT_PROTOTYPES = YES;
				CLANG_WARN_SUSPICIOUS_MOVE = YES;
				CLANG_WARN_UNGUARDED_AVAILABILITY = YES_AGGRESSIVE;
				CLANG_WARN_UNREACHABLE_CODE = YES;
				CLANG_WARN__DUPLICATE_METHOD_MATCH = YES;
				COPY_PHASE_STRIP = NO;
				DEBUG_INFORMATION_FORMAT = dwarf;
				ENABLE_STRICT_OBJC_MSGSEND = YES;
				ENABLE_TESTABILITY = YES;
				GCC_C_LANGUAGE_STANDARD = gnu11;
				GCC_DYNAMIC_NO_PIC = NO;
				GCC_NO_COMMON_BLOCKS = YES;
				GCC_OPTIMIZATION_LEVEL = 0;
				GCC_PREPROCESSOR_DEFINITIONS = (
					"DEBUG=1",
					"$(inherited)",
				);
				GCC_WARN_64_TO_32_BIT_CONVERSION = YES;
				GCC_WARN_ABOUT_RETURN_TYPE = YES_ERROR;
				GCC_WARN_UNDECLARED_SELECTOR = YES;
				GCC_WARN_UNINITIALIZED_AUTOS = YES_AGGRESSIVE;
				GCC_WARN_UNUSED_FUNCTION = YES;
				GCC_WARN_UNUSED_VARIABLE = YES;
				MACOSX_DEPLOYMENT_TARGET = 10.14;
				MTL_ENABLE_DEBUG_INFO = INCLUDE_SOURCE;
				MTL_FAST_MATH = YES;
				ONLY_ACTIVE_ARCH = YES;
				SDKROOT = macosx;
			};
			name = Debug;
		};
		3033B41B247EB0B4003A5A9B /* Release */ = {
			isa = XCBuildConfiguration;
			buildSettings = {
				ALWAYS_SEARCH_USER_PATHS = NO;
				CLANG_ANALYZER_NONNULL = YES;
				CLANG_ANALYZER_NUMBER_OBJECT_CONVERSION = YES_AGGRESSIVE;
				CLANG_CXX_LANGUAGE_STANDARD = "gnu++14";
				CLANG_CXX_LIBRARY = "libc++";
				CLANG_ENABLE_MODULES = YES;
				CLANG_ENABLE_OBJC_ARC = YES;
				CLANG_ENABLE_OBJC_WEAK = YES;
				CLANG_WARN_BLOCK_CAPTURE_AUTORELEASING = YES;
				CLANG_WARN_BOOL_CONVERSION = YES;
				CLANG_WARN_COMMA = YES;
				CLANG_WARN_CONSTANT_CONVERSION = YES;
				CLANG_WARN_DEPRECATED_OBJC_IMPLEMENTATIONS = YES;
				CLANG_WARN_DIRECT_OBJC_ISA_USAGE = YES_ERROR;
				CLANG_WARN_DOCUMENTATION_COMMENTS = YES;
				CLANG_WARN_EMPTY_BODY = YES;
				CLANG_WARN_ENUM_CONVERSION = YES;
				CLANG_WARN_INFINITE_RECURSION = YES;
				CLANG_WARN_INT_CONVERSION = YES;
				CLANG_WARN_NON_LITERAL_NULL_CONVERSION = YES;
				CLANG_WARN_OBJC_IMPLICIT_RETAIN_SELF = YES;
				CLANG_WARN_OBJC_LITERAL_CONVERSION = YES;
				CLANG_WARN_OBJC_ROOT_CLASS = YES_ERROR;
				CLANG_WARN_RANGE_LOOP_ANALYSIS = YES;
				CLANG_WARN_STRICT_PROTOTYPES = YES;
				CLANG_WARN_SUSPICIOUS_MOVE = YES;
				CLANG_WARN_UNGUARDED_AVAILABILITY = YES_AGGRESSIVE;
				CLANG_WARN_UNREACHABLE_CODE = YES;
				CLANG_WARN__DUPLICATE_METHOD_MATCH = YES;
				COPY_PHASE_STRIP = NO;
				DEBUG_INFORMATION_FORMAT = "dwarf-with-dsym";
				ENABLE_NS_ASSERTIONS = NO;
				ENABLE_STRICT_OBJC_MSGSEND = YES;
				GCC_C_LANGUAGE_STANDARD = gnu11;
				GCC_NO_COMMON_BLOCKS = YES;
				GCC_WARN_64_TO_32_BIT_CONVERSION = YES;
				GCC_WARN_ABOUT_RETURN_TYPE = YES_ERROR;
				GCC_WARN_UNDECLARED_SELECTOR = YES;
				GCC_WARN_UNINITIALIZED_AUTOS = YES_AGGRESSIVE;
				GCC_WARN_UNUSED_FUNCTION = YES;
				GCC_WARN_UNUSED_VARIABLE = YES;
				MACOSX_DEPLOYMENT_TARGET = 10.14;
				MTL_ENABLE_DEBUG_INFO = NO;
				MTL_FAST_MATH = YES;
				SDKROOT = macosx;
			};
			name = Release;
		};
		3033B41D247EB0B4003A5A9B /* Debug */ = {
			isa = XCBuildConfiguration;
			buildSettings = {
				CODE_SIGN_STYLE = Automatic;
				PRODUCT_NAME = "$(TARGET_NAME)";
			};
			name = Debug;
		};
		3033B41E247EB0B4003A5A9B /* Release */ = {
			isa = XCBuildConfiguration;
			buildSettings = {
				CODE_SIGN_STYLE = Automatic;
				PRODUCT_NAME = "$(TARGET_NAME)";
			};
			name = Release;
		};
/* End XCBuildConfiguration section */

/* Begin XCConfigurationList section */
		3033B410247EB0B4003A5A9B /* Build configuration list for PBXProject "CMDTest" */ = {
			isa = XCConfigurationList;
			buildConfigurations = (
				3033B41A247EB0B4003A5A9B /* Debug */,
				3033B41B247EB0B4003A5A9B /* Release */,
			);
			defaultConfigurationIsVisible = 0;
			defaultConfigurationName = Release;
		};
		3033B41C247EB0B4003A5A9B /* Build configuration list for PBXNativeTarget "CMDTest" */ = {
			isa = XCConfigurationList;
			buildConfigurations = (
				3033B41D247EB0B4003A5A9B /* Debug */,
				3033B41E247EB0B4003A5A9B /* Release */,
			);
			defaultConfigurationIsVisible = 0;
			defaultConfigurationName = Release;
		};
/* End XCConfigurationList section */
	};
	rootObject = 3033B40D247EB0B4003A5A9B /* Project object */;
}
