// !$*UTF8*$!
{
	archiveVersion = 1;
	classes = {
	};
	objectVersion = 50;
	objects = {

/* Begin PBXBuildFile section */
		302B322E24811263007AEA23 /* WebImage.swift in Sources */ = {isa = PBXBuildFile; fileRef = 302B322D24811263007AEA23 /* WebImage.swift */; };
		3033B42124854AAC003A5A9B /* Block.m in Sources */ = {isa = PBXBuildFile; fileRef = 3033B42024854AAC003A5A9B /* Block.m */; };
		30A8F9DB246B978F00877A25 /* AssignObject.m in Sources */ = {isa = PBXBuildFile; fileRef = 30A8F9DA246B978F00877A25 /* AssignObject.m */; };
		30AFC5AC24401FD10090BFA4 /* AppDelegate.m in Sources */ = {isa = PBXBuildFile; fileRef = 30AFC5AB24401FD10090BFA4 /* AppDelegate.m */; };
		30AFC5AF24401FD10090BFA4 /* SceneDelegate.m in Sources */ = {isa = PBXBuildFile; fileRef = 30AFC5AE24401FD10090BFA4 /* SceneDelegate.m */; };
		30AFC5B224401FD10090BFA4 /* ViewController.m in Sources */ = {isa = PBXBuildFile; fileRef = 30AFC5B124401FD10090BFA4 /* ViewController.m */; };
		30AFC5B524401FD10090BFA4 /* Main.storyboard in Resources */ = {isa = PBXBuildFile; fileRef = 30AFC5B324401FD10090BFA4 /* Main.storyboard */; };
		30AFC5B724401FD30090BFA4 /* Assets.xcassets in Resources */ = {isa = PBXBuildFile; fileRef = 30AFC5B624401FD30090BFA4 /* Assets.xcassets */; };
		30AFC5BA24401FD30090BFA4 /* LaunchScreen.storyboard in Resources */ = {isa = PBXBuildFile; fileRef = 30AFC5B824401FD30090BFA4 /* LaunchScreen.storyboard */; };
		30AFC5BD24401FD30090BFA4 /* main.m in Sources */ = {isa = PBXBuildFile; fileRef = 30AFC5BC24401FD30090BFA4 /* main.m */; };
		30AFC5C724401FD30090BFA4 /* ForiOSTests.m in Sources */ = {isa = PBXBuildFile; fileRef = 30AFC5C624401FD30090BFA4 /* ForiOSTests.m */; };
		30AFC5D224401FD30090BFA4 /* ForiOSUITests.m in Sources */ = {isa = PBXBuildFile; fileRef = 30AFC5D124401FD30090BFA4 /* ForiOSUITests.m */; };
		30C6ED7A247782FD0034680E /* AssignSubObject.m in Sources */ = {isa = PBXBuildFile; fileRef = 30C6ED79247782FD0034680E /* AssignSubObject.m */; };
		30C9D06F248676F200044171 /* UIImageView+WebImage.swift in Sources */ = {isa = PBXBuildFile; fileRef = 30C9D06E248676F200044171 /* UIImageView+WebImage.swift */; };
		30D7B57B24728DE500F9CD69 /* SwiftMain.swift in Sources */ = {isa = PBXBuildFile; fileRef = 30D7B57A24728DE500F9CD69 /* SwiftMain.swift */; };
		30D7B57D24728EA300F9CD69 /* DesignPatternEntrance.swift in Sources */ = {isa = PBXBuildFile; fileRef = 30D7B57C24728EA300F9CD69 /* DesignPatternEntrance.swift */; };
		30D7B57F2472914F00F9CD69 /* FactoryProtocol.swift in Sources */ = {isa = PBXBuildFile; fileRef = 30D7B57E2472914F00F9CD69 /* FactoryProtocol.swift */; };
		30D7B581247291D400F9CD69 /* MouseProtocol.swift in Sources */ = {isa = PBXBuildFile; fileRef = 30D7B580247291D400F9CD69 /* MouseProtocol.swift */; };
		30D7B5832472927700F9CD69 /* LenovoMouse.swift in Sources */ = {isa = PBXBuildFile; fileRef = 30D7B5822472927700F9CD69 /* LenovoMouse.swift */; };
		30D7B5852472928100F9CD69 /* HPMouse.swift in Sources */ = {isa = PBXBuildFile; fileRef = 30D7B5842472928100F9CD69 /* HPMouse.swift */; };
		30D7B5872472929100F9CD69 /* LogitechMouse.swift in Sources */ = {isa = PBXBuildFile; fileRef = 30D7B5862472929100F9CD69 /* LogitechMouse.swift */; };
		30D7B5892472937600F9CD69 /* MouseFactory.swift in Sources */ = {isa = PBXBuildFile; fileRef = 30D7B5882472937600F9CD69 /* MouseFactory.swift */; };
		30D7B5982473CC5500F9CD69 /* NewDictionary.m in Sources */ = {isa = PBXBuildFile; fileRef = 30D7B5972473CC5500F9CD69 /* NewDictionary.m */; };
		30D7B59B2473D9FF00F9CD69 /* MethodSwizzling.m in Sources */ = {isa = PBXBuildFile; fileRef = 30D7B59A2473D9FF00F9CD69 /* MethodSwizzling.m */; };
		B81F5D86F206BA0C2BFD4892 /* libPods-ForiOS.a in Frameworks */ = {isa = PBXBuildFile; fileRef = 4DC879102B91C02D5B1BE845 /* libPods-ForiOS.a */; };
/* End PBXBuildFile section */

/* Begin PBXContainerItemProxy section */
		30AFC5C324401FD30090BFA4 /* PBXContainerItemProxy */ = {
			isa = PBXContainerItemProxy;
			containerPortal = 30AFC59F24401FD10090BFA4 /* Project object */;
			proxyType = 1;
			remoteGlobalIDString = 30AFC5A624401FD10090BFA4;
			remoteInfo = ForiOS;
		};
		30AFC5CE24401FD30090BFA4 /* PBXContainerItemProxy */ = {
			isa = PBXContainerItemProxy;
			containerPortal = 30AFC59F24401FD10090BFA4 /* Project object */;
			proxyType = 1;
			remoteGlobalIDString = 30AFC5A624401FD10090BFA4;
			remoteInfo = ForiOS;
		};
/* End PBXContainerItemProxy section */

/* Begin PBXFileReference section */
		302B322D24811263007AEA23 /* WebImage.swift */ = {isa = PBXFileReference; lastKnownFileType = sourcecode.swift; path = WebImage.swift; sourceTree = "<group>"; };
		3033B41F24854AAC003A5A9B /* Block.h */ = {isa = PBXFileReference; lastKnownFileType = sourcecode.c.h; path = Block.h; sourceTree = "<group>"; };
		3033B42024854AAC003A5A9B /* Block.m */ = {isa = PBXFileReference; lastKnownFileType = sourcecode.c.objc; path = Block.m; sourceTree = "<group>"; };
		30A8F9D9246B978F00877A25 /* AssignObject.h */ = {isa = PBXFileReference; lastKnownFileType = sourcecode.c.h; path = AssignObject.h; sourceTree = "<group>"; };
		30A8F9DA246B978F00877A25 /* AssignObject.m */ = {isa = PBXFileReference; lastKnownFileType = sourcecode.c.objc; path = AssignObject.m; sourceTree = "<group>"; };
		30AFC5A724401FD10090BFA4 /* ForiOS.app */ = {isa = PBXFileReference; explicitFileType = wrapper.application; includeInIndex = 0; path = ForiOS.app; sourceTree = BUILT_PRODUCTS_DIR; };
		30AFC5AA24401FD10090BFA4 /* AppDelegate.h */ = {isa = PBXFileReference; lastKnownFileType = sourcecode.c.h; path = AppDelegate.h; sourceTree = "<group>"; };
		30AFC5AB24401FD10090BFA4 /* AppDelegate.m */ = {isa = PBXFileReference; lastKnownFileType = sourcecode.c.objc; path = AppDelegate.m; sourceTree = "<group>"; };
		30AFC5AD24401FD10090BFA4 /* SceneDelegate.h */ = {isa = PBXFileReference; lastKnownFileType = sourcecode.c.h; path = SceneDelegate.h; sourceTree = "<group>"; };
		30AFC5AE24401FD10090BFA4 /* SceneDelegate.m */ = {isa = PBXFileReference; lastKnownFileType = sourcecode.c.objc; path = SceneDelegate.m; sourceTree = "<group>"; };
		30AFC5B024401FD10090BFA4 /* ViewController.h */ = {isa = PBXFileReference; lastKnownFileType = sourcecode.c.h; path = ViewController.h; sourceTree = "<group>"; };
		30AFC5B124401FD10090BFA4 /* ViewController.m */ = {isa = PBXFileReference; lastKnownFileType = sourcecode.c.objc; path = ViewController.m; sourceTree = "<group>"; };
		30AFC5B424401FD10090BFA4 /* Base */ = {isa = PBXFileReference; lastKnownFileType = file.storyboard; name = Base; path = Base.lproj/Main.storyboard; sourceTree = "<group>"; };
		30AFC5B624401FD30090BFA4 /* Assets.xcassets */ = {isa = PBXFileReference; lastKnownFileType = folder.assetcatalog; path = Assets.xcassets; sourceTree = "<group>"; };
		30AFC5B924401FD30090BFA4 /* Base */ = {isa = PBXFileReference; lastKnownFileType = file.storyboard; name = Base; path = Base.lproj/LaunchScreen.storyboard; sourceTree = "<group>"; };
		30AFC5BB24401FD30090BFA4 /* Info.plist */ = {isa = PBXFileReference; lastKnownFileType = text.plist.xml; path = Info.plist; sourceTree = "<group>"; };
		30AFC5BC24401FD30090BFA4 /* main.m */ = {isa = PBXFileReference; lastKnownFileType = sourcecode.c.objc; path = main.m; sourceTree = "<group>"; };
		30AFC5C224401FD30090BFA4 /* ForiOSTests.xctest */ = {isa = PBXFileReference; explicitFileType = wrapper.cfbundle; includeInIndex = 0; path = ForiOSTests.xctest; sourceTree = BUILT_PRODUCTS_DIR; };
		30AFC5C624401FD30090BFA4 /* ForiOSTests.m */ = {isa = PBXFileReference; lastKnownFileType = sourcecode.c.objc; path = ForiOSTests.m; sourceTree = "<group>"; };
		30AFC5C824401FD30090BFA4 /* Info.plist */ = {isa = PBXFileReference; lastKnownFileType = text.plist.xml; path = Info.plist; sourceTree = "<group>"; };
		30AFC5CD24401FD30090BFA4 /* ForiOSUITests.xctest */ = {isa = PBXFileReference; explicitFileType = wrapper.cfbundle; includeInIndex = 0; path = ForiOSUITests.xctest; sourceTree = BUILT_PRODUCTS_DIR; };
		30AFC5D124401FD30090BFA4 /* ForiOSUITests.m */ = {isa = PBXFileReference; lastKnownFileType = sourcecode.c.objc; path = ForiOSUITests.m; sourceTree = "<group>"; };
		30AFC5D324401FD30090BFA4 /* Info.plist */ = {isa = PBXFileReference; lastKnownFileType = text.plist.xml; path = Info.plist; sourceTree = "<group>"; };
		30C6ED78247782FD0034680E /* AssignSubObject.h */ = {isa = PBXFileReference; lastKnownFileType = sourcecode.c.h; path = AssignSubObject.h; sourceTree = "<group>"; };
		30C6ED79247782FD0034680E /* AssignSubObject.m */ = {isa = PBXFileReference; lastKnownFileType = sourcecode.c.objc; path = AssignSubObject.m; sourceTree = "<group>"; };
		30C9D06E248676F200044171 /* UIImageView+WebImage.swift */ = {isa = PBXFileReference; lastKnownFileType = sourcecode.swift; path = "UIImageView+WebImage.swift"; sourceTree = "<group>"; };
		30D7B50024723AD600F9CD69 /* ForiOS-Bridging-Header.h */ = {isa = PBXFileReference; lastKnownFileType = sourcecode.c.h; path = "ForiOS-Bridging-Header.h"; sourceTree = "<group>"; };
		30D7B57A24728DE500F9CD69 /* SwiftMain.swift */ = {isa = PBXFileReference; lastKnownFileType = sourcecode.swift; path = SwiftMain.swift; sourceTree = "<group>"; };
		30D7B57C24728EA300F9CD69 /* DesignPatternEntrance.swift */ = {isa = PBXFileReference; lastKnownFileType = sourcecode.swift; path = DesignPatternEntrance.swift; sourceTree = "<group>"; };
		30D7B57E2472914F00F9CD69 /* FactoryProtocol.swift */ = {isa = PBXFileReference; lastKnownFileType = sourcecode.swift; path = FactoryProtocol.swift; sourceTree = "<group>"; };
		30D7B580247291D400F9CD69 /* MouseProtocol.swift */ = {isa = PBXFileReference; lastKnownFileType = sourcecode.swift; path = MouseProtocol.swift; sourceTree = "<group>"; };
		30D7B5822472927700F9CD69 /* LenovoMouse.swift */ = {isa = PBXFileReference; lastKnownFileType = sourcecode.swift; path = LenovoMouse.swift; sourceTree = "<group>"; };
		30D7B5842472928100F9CD69 /* HPMouse.swift */ = {isa = PBXFileReference; lastKnownFileType = sourcecode.swift; path = HPMouse.swift; sourceTree = "<group>"; };
		30D7B5862472929100F9CD69 /* LogitechMouse.swift */ = {isa = PBXFileReference; lastKnownFileType = sourcecode.swift; path = LogitechMouse.swift; sourceTree = "<group>"; };
		30D7B5882472937600F9CD69 /* MouseFactory.swift */ = {isa = PBXFileReference; lastKnownFileType = sourcecode.swift; path = MouseFactory.swift; sourceTree = "<group>"; };
		30D7B5962473CC5500F9CD69 /* NewDictionary.h */ = {isa = PBXFileReference; lastKnownFileType = sourcecode.c.h; path = NewDictionary.h; sourceTree = "<group>"; };
		30D7B5972473CC5500F9CD69 /* NewDictionary.m */ = {isa = PBXFileReference; lastKnownFileType = sourcecode.c.objc; path = NewDictionary.m; sourceTree = "<group>"; };
		30D7B5992473D9FF00F9CD69 /* MethodSwizzling.h */ = {isa = PBXFileReference; lastKnownFileType = sourcecode.c.h; path = MethodSwizzling.h; sourceTree = "<group>"; };
		30D7B59A2473D9FF00F9CD69 /* MethodSwizzling.m */ = {isa = PBXFileReference; lastKnownFileType = sourcecode.c.objc; path = MethodSwizzling.m; sourceTree = "<group>"; };
		4DC879102B91C02D5B1BE845 /* libPods-ForiOS.a */ = {isa = PBXFileReference; explicitFileType = archive.ar; includeInIndex = 0; path = "libPods-ForiOS.a"; sourceTree = BUILT_PRODUCTS_DIR; };
		61B592F567E1D8B5D1E97E1A /* Pods-ForiOS.debug.xcconfig */ = {isa = PBXFileReference; includeInIndex = 1; lastKnownFileType = text.xcconfig; name = "Pods-ForiOS.debug.xcconfig"; path = "Target Support Files/Pods-ForiOS/Pods-ForiOS.debug.xcconfig"; sourceTree = "<group>"; };
		D9D2F329F101A1411EAD32B9 /* Pods-ForiOS.release.xcconfig */ = {isa = PBXFileReference; includeInIndex = 1; lastKnownFileType = text.xcconfig; name = "Pods-ForiOS.release.xcconfig"; path = "Target Support Files/Pods-ForiOS/Pods-ForiOS.release.xcconfig"; sourceTree = "<group>"; };
/* End PBXFileReference section */

/* Begin PBXFrameworksBuildPhase section */
		30AFC5A424401FD10090BFA4 /* Frameworks */ = {
			isa = PBXFrameworksBuildPhase;
			buildActionMask = 2147483647;
			files = (
				B81F5D86F206BA0C2BFD4892 /* libPods-ForiOS.a in Frameworks */,
			);
			runOnlyForDeploymentPostprocessing = 0;
		};
		30AFC5BF24401FD30090BFA4 /* Frameworks */ = {
			isa = PBXFrameworksBuildPhase;
			buildActionMask = 2147483647;
			files = (
			);
			runOnlyForDeploymentPostprocessing = 0;
		};
		30AFC5CA24401FD30090BFA4 /* Frameworks */ = {
			isa = PBXFrameworksBuildPhase;
			buildActionMask = 2147483647;
			files = (
			);
			runOnlyForDeploymentPostprocessing = 0;
		};
/* End PBXFrameworksBuildPhase section */

/* Begin PBXGroup section */
		302B32222480FA47007AEA23 /* SourceCode */ = {
			isa = PBXGroup;
			children = (
				302B32232480FA61007AEA23 /* WebImage */,
			);
			path = SourceCode;
			sourceTree = "<group>";
		};
		302B32232480FA61007AEA23 /* WebImage */ = {
			isa = PBXGroup;
			children = (
				302B322D24811263007AEA23 /* WebImage.swift */,
				30C9D06E248676F200044171 /* UIImageView+WebImage.swift */,
			);
			path = WebImage;
			sourceTree = "<group>";
		};
		30AFC59E24401FD10090BFA4 = {
			isa = PBXGroup;
			children = (
				30AFC5A924401FD10090BFA4 /* ForiOS */,
				30AFC5C524401FD30090BFA4 /* ForiOSTests */,
				30AFC5D024401FD30090BFA4 /* ForiOSUITests */,
				30AFC5A824401FD10090BFA4 /* Products */,
				369740D8703E3EF4CB41A176 /* Pods */,
				51EB2E3AD968A553C810F560 /* Frameworks */,
			);
			sourceTree = "<group>";
		};
		30AFC5A824401FD10090BFA4 /* Products */ = {
			isa = PBXGroup;
			children = (
				30AFC5A724401FD10090BFA4 /* ForiOS.app */,
				30AFC5C224401FD30090BFA4 /* ForiOSTests.xctest */,
				30AFC5CD24401FD30090BFA4 /* ForiOSUITests.xctest */,
			);
			name = Products;
			sourceTree = "<group>";
		};
		30AFC5A924401FD10090BFA4 /* ForiOS */ = {
			isa = PBXGroup;
			children = (
				30AFC5AA24401FD10090BFA4 /* AppDelegate.h */,
				30AFC5AB24401FD10090BFA4 /* AppDelegate.m */,
				30AFC5AD24401FD10090BFA4 /* SceneDelegate.h */,
				30AFC5AE24401FD10090BFA4 /* SceneDelegate.m */,
				30AFC5B024401FD10090BFA4 /* ViewController.h */,
				30AFC5B124401FD10090BFA4 /* ViewController.m */,
				30AFC5B324401FD10090BFA4 /* Main.storyboard */,
				30AFC5B624401FD30090BFA4 /* Assets.xcassets */,
				30AFC5B824401FD30090BFA4 /* LaunchScreen.storyboard */,
				30AFC5BB24401FD30090BFA4 /* Info.plist */,
				30AFC5BC24401FD30090BFA4 /* main.m */,
				30A8F9D9246B978F00877A25 /* AssignObject.h */,
				30A8F9DA246B978F00877A25 /* AssignObject.m */,
				30C6ED78247782FD0034680E /* AssignSubObject.h */,
				30C6ED79247782FD0034680E /* AssignSubObject.m */,
				30D7B57324725BAF00F9CD69 /* Swift */,
				30D7B5962473CC5500F9CD69 /* NewDictionary.h */,
				30D7B5972473CC5500F9CD69 /* NewDictionary.m */,
				30D7B5992473D9FF00F9CD69 /* MethodSwizzling.h */,
				30D7B59A2473D9FF00F9CD69 /* MethodSwizzling.m */,
				3033B41F24854AAC003A5A9B /* Block.h */,
				3033B42024854AAC003A5A9B /* Block.m */,
			);
			path = ForiOS;
			sourceTree = "<group>";
		};
		30AFC5C524401FD30090BFA4 /* ForiOSTests */ = {
			isa = PBXGroup;
			children = (
				30AFC5C624401FD30090BFA4 /* ForiOSTests.m */,
				30AFC5C824401FD30090BFA4 /* Info.plist */,
			);
			path = ForiOSTests;
			sourceTree = "<group>";
		};
		30AFC5D024401FD30090BFA4 /* ForiOSUITests */ = {
			isa = PBXGroup;
			children = (
				30AFC5D124401FD30090BFA4 /* ForiOSUITests.m */,
				30AFC5D324401FD30090BFA4 /* Info.plist */,
			);
			path = ForiOSUITests;
			sourceTree = "<group>";
		};
		30D7B57324725BAF00F9CD69 /* Swift */ = {
			isa = PBXGroup;
			children = (
				30D7B50024723AD600F9CD69 /* ForiOS-Bridging-Header.h */,
				30D7B57A24728DE500F9CD69 /* SwiftMain.swift */,
				302B32222480FA47007AEA23 /* SourceCode */,
				30D7B578247284C800F9CD69 /* DP */,
			);
			path = Swift;
			sourceTree = "<group>";
		};
		30D7B578247284C800F9CD69 /* DP */ = {
			isa = PBXGroup;
			children = (
				30D7B57C24728EA300F9CD69 /* DesignPatternEntrance.swift */,
				30D7B579247284CF00F9CD69 /* 工厂 */,
			);
			path = DP;
			sourceTree = "<group>";
		};
		30D7B579247284CF00F9CD69 /* 工厂 */ = {
			isa = PBXGroup;
			children = (
				30D7B57E2472914F00F9CD69 /* FactoryProtocol.swift */,
				30D7B5882472937600F9CD69 /* MouseFactory.swift */,
				30D7B5952473C1A100F9CD69 /* Mouse */,
			);
			path = "工厂";
			sourceTree = "<group>";
		};
		30D7B5952473C1A100F9CD69 /* Mouse */ = {
			isa = PBXGroup;
			children = (
				30D7B580247291D400F9CD69 /* MouseProtocol.swift */,
				30D7B5822472927700F9CD69 /* LenovoMouse.swift */,
				30D7B5842472928100F9CD69 /* HPMouse.swift */,
				30D7B5862472929100F9CD69 /* LogitechMouse.swift */,
			);
			path = Mouse;
			sourceTree = "<group>";
		};
		369740D8703E3EF4CB41A176 /* Pods */ = {
			isa = PBXGroup;
			children = (
				61B592F567E1D8B5D1E97E1A /* Pods-ForiOS.debug.xcconfig */,
				D9D2F329F101A1411EAD32B9 /* Pods-ForiOS.release.xcconfig */,
			);
			path = Pods;
			sourceTree = "<group>";
		};
		51EB2E3AD968A553C810F560 /* Frameworks */ = {
			isa = PBXGroup;
			children = (
				4DC879102B91C02D5B1BE845 /* libPods-ForiOS.a */,
			);
			name = Frameworks;
			sourceTree = "<group>";
		};
/* End PBXGroup section */

/* Begin PBXNativeTarget section */
		30AFC5A624401FD10090BFA4 /* ForiOS */ = {
			isa = PBXNativeTarget;
			buildConfigurationList = 30AFC5D624401FD30090BFA4 /* Build configuration list for PBXNativeTarget "ForiOS" */;
			buildPhases = (
				D36254D5DD73EB7AAC59C023 /* [CP] Check Pods Manifest.lock */,
				30AFC5A324401FD10090BFA4 /* Sources */,
				30AFC5A424401FD10090BFA4 /* Frameworks */,
				30AFC5A524401FD10090BFA4 /* Resources */,
			);
			buildRules = (
			);
			dependencies = (
			);
			name = ForiOS;
			productName = ForiOS;
			productReference = 30AFC5A724401FD10090BFA4 /* ForiOS.app */;
			productType = "com.apple.product-type.application";
		};
		30AFC5C124401FD30090BFA4 /* ForiOSTests */ = {
			isa = PBXNativeTarget;
			buildConfigurationList = 30AFC5D924401FD30090BFA4 /* Build configuration list for PBXNativeTarget "ForiOSTests" */;
			buildPhases = (
				30AFC5BE24401FD30090BFA4 /* Sources */,
				30AFC5BF24401FD30090BFA4 /* Frameworks */,
				30AFC5C024401FD30090BFA4 /* Resources */,
			);
			buildRules = (
			);
			dependencies = (
				30AFC5C424401FD30090BFA4 /* PBXTargetDependency */,
			);
			name = ForiOSTests;
			productName = ForiOSTests;
			productReference = 30AFC5C224401FD30090BFA4 /* ForiOSTests.xctest */;
			productType = "com.apple.product-type.bundle.unit-test";
		};
		30AFC5CC24401FD30090BFA4 /* ForiOSUITests */ = {
			isa = PBXNativeTarget;
			buildConfigurationList = 30AFC5DC24401FD30090BFA4 /* Build configuration list for PBXNativeTarget "ForiOSUITests" */;
			buildPhases = (
				30AFC5C924401FD30090BFA4 /* Sources */,
				30AFC5CA24401FD30090BFA4 /* Frameworks */,
				30AFC5CB24401FD30090BFA4 /* Resources */,
			);
			buildRules = (
			);
			dependencies = (
				30AFC5CF24401FD30090BFA4 /* PBXTargetDependency */,
			);
			name = ForiOSUITests;
			productName = ForiOSUITests;
			productReference = 30AFC5CD24401FD30090BFA4 /* ForiOSUITests.xctest */;
			productType = "com.apple.product-type.bundle.ui-testing";
		};
/* End PBXNativeTarget section */

/* Begin PBXProject section */
		30AFC59F24401FD10090BFA4 /* Project object */ = {
			isa = PBXProject;
			attributes = {
				LastUpgradeCheck = 1130;
				ORGANIZATIONNAME = gaoyuan;
				TargetAttributes = {
					30AFC5A624401FD10090BFA4 = {
						CreatedOnToolsVersion = 11.3.1;
						LastSwiftMigration = 1130;
					};
					30AFC5C124401FD30090BFA4 = {
						CreatedOnToolsVersion = 11.3.1;
						TestTargetID = 30AFC5A624401FD10090BFA4;
					};
					30AFC5CC24401FD30090BFA4 = {
						CreatedOnToolsVersion = 11.3.1;
						TestTargetID = 30AFC5A624401FD10090BFA4;
					};
				};
			};
			buildConfigurationList = 30AFC5A224401FD10090BFA4 /* Build configuration list for PBXProject "ForiOS" */;
			compatibilityVersion = "Xcode 9.3";
			developmentRegion = en;
			hasScannedForEncodings = 0;
			knownRegions = (
				en,
				Base,
			);
			mainGroup = 30AFC59E24401FD10090BFA4;
			productRefGroup = 30AFC5A824401FD10090BFA4 /* Products */;
			projectDirPath = "";
			projectRoot = "";
			targets = (
				30AFC5A624401FD10090BFA4 /* ForiOS */,
				30AFC5C124401FD30090BFA4 /* ForiOSTests */,
				30AFC5CC24401FD30090BFA4 /* ForiOSUITests */,
			);
		};
/* End PBXProject section */

/* Begin PBXResourcesBuildPhase section */
		30AFC5A524401FD10090BFA4 /* Resources */ = {
			isa = PBXResourcesBuildPhase;
			buildActionMask = 2147483647;
			files = (
				30AFC5BA24401FD30090BFA4 /* LaunchScreen.storyboard in Resources */,
				30AFC5B724401FD30090BFA4 /* Assets.xcassets in Resources */,
				30AFC5B524401FD10090BFA4 /* Main.storyboard in Resources */,
			);
			runOnlyForDeploymentPostprocessing = 0;
		};
		30AFC5C024401FD30090BFA4 /* Resources */ = {
			isa = PBXResourcesBuildPhase;
			buildActionMask = 2147483647;
			files = (
			);
			runOnlyForDeploymentPostprocessing = 0;
		};
		30AFC5CB24401FD30090BFA4 /* Resources */ = {
			isa = PBXResourcesBuildPhase;
			buildActionMask = 2147483647;
			files = (
			);
			runOnlyForDeploymentPostprocessing = 0;
		};
/* End PBXResourcesBuildPhase section */

/* Begin PBXShellScriptBuildPhase section */
		D36254D5DD73EB7AAC59C023 /* [CP] Check Pods Manifest.lock */ = {
			isa = PBXShellScriptBuildPhase;
			buildActionMask = 2147483647;
			files = (
			);
			inputFileListPaths = (
			);
			inputPaths = (
				"${PODS_PODFILE_DIR_PATH}/Podfile.lock",
				"${PODS_ROOT}/Manifest.lock",
			);
			name = "[CP] Check Pods Manifest.lock";
			outputFileListPaths = (
			);
			outputPaths = (
				"$(DERIVED_FILE_DIR)/Pods-ForiOS-checkManifestLockResult.txt",
			);
			runOnlyForDeploymentPostprocessing = 0;
			shellPath = /bin/sh;
			shellScript = "diff \"${PODS_PODFILE_DIR_PATH}/Podfile.lock\" \"${PODS_ROOT}/Manifest.lock\" > /dev/null\nif [ $? != 0 ] ; then\n    # print error to STDERR\n    echo \"error: The sandbox is not in sync with the Podfile.lock. Run 'pod install' or update your CocoaPods installation.\" >&2\n    exit 1\nfi\n# This output is used by Xcode 'outputs' to avoid re-running this script phase.\necho \"SUCCESS\" > \"${SCRIPT_OUTPUT_FILE_0}\"\n";
			showEnvVarsInLog = 0;
		};
/* End PBXShellScriptBuildPhase section */

/* Begin PBXSourcesBuildPhase section */
		30AFC5A324401FD10090BFA4 /* Sources */ = {
			isa = PBXSourcesBuildPhase;
			buildActionMask = 2147483647;
			files = (
				30D7B57B24728DE500F9CD69 /* SwiftMain.swift in Sources */,
				30D7B5852472928100F9CD69 /* HPMouse.swift in Sources */,
				302B322E24811263007AEA23 /* WebImage.swift in Sources */,
				30C6ED7A247782FD0034680E /* AssignSubObject.m in Sources */,
				3033B42124854AAC003A5A9B /* Block.m in Sources */,
				30D7B5872472929100F9CD69 /* LogitechMouse.swift in Sources */,
				30D7B57D24728EA300F9CD69 /* DesignPatternEntrance.swift in Sources */,
				30D7B57F2472914F00F9CD69 /* FactoryProtocol.swift in Sources */,
				30D7B581247291D400F9CD69 /* MouseProtocol.swift in Sources */,
				30AFC5B224401FD10090BFA4 /* ViewController.m in Sources */,
				30D7B59B2473D9FF00F9CD69 /* MethodSwizzling.m in Sources */,
				30A8F9DB246B978F00877A25 /* AssignObject.m in Sources */,
				30D7B5892472937600F9CD69 /* MouseFactory.swift in Sources */,
				30C9D06F248676F200044171 /* UIImageView+WebImage.swift in Sources */,
				30D7B5832472927700F9CD69 /* LenovoMouse.swift in Sources */,
				30D7B5982473CC5500F9CD69 /* NewDictionary.m in Sources */,
				30AFC5AC24401FD10090BFA4 /* AppDelegate.m in Sources */,
				30AFC5BD24401FD30090BFA4 /* main.m in Sources */,
				30AFC5AF24401FD10090BFA4 /* SceneDelegate.m in Sources */,
			);
			runOnlyForDeploymentPostprocessing = 0;
		};
		30AFC5BE24401FD30090BFA4 /* Sources */ = {
			isa = PBXSourcesBuildPhase;
			buildActionMask = 2147483647;
			files = (
				30AFC5C724401FD30090BFA4 /* ForiOSTests.m in Sources */,
			);
			runOnlyForDeploymentPostprocessing = 0;
		};
		30AFC5C924401FD30090BFA4 /* Sources */ = {
			isa = PBXSourcesBuildPhase;
			buildActionMask = 2147483647;
			files = (
				30AFC5D224401FD30090BFA4 /* ForiOSUITests.m in Sources */,
			);
			runOnlyForDeploymentPostprocessing = 0;
		};
/* End PBXSourcesBuildPhase section */

/* Begin PBXTargetDependency section */
		30AFC5C424401FD30090BFA4 /* PBXTargetDependency */ = {
			isa = PBXTargetDependency;
			target = 30AFC5A624401FD10090BFA4 /* ForiOS */;
			targetProxy = 30AFC5C324401FD30090BFA4 /* PBXContainerItemProxy */;
		};
		30AFC5CF24401FD30090BFA4 /* PBXTargetDependency */ = {
			isa = PBXTargetDependency;
			target = 30AFC5A624401FD10090BFA4 /* ForiOS */;
			targetProxy = 30AFC5CE24401FD30090BFA4 /* PBXContainerItemProxy */;
		};
/* End PBXTargetDependency section */

/* Begin PBXVariantGroup section */
		30AFC5B324401FD10090BFA4 /* Main.storyboard */ = {
			isa = PBXVariantGroup;
			children = (
				30AFC5B424401FD10090BFA4 /* Base */,
			);
			name = Main.storyboard;
			sourceTree = "<group>";
		};
		30AFC5B824401FD30090BFA4 /* LaunchScreen.storyboard */ = {
			isa = PBXVariantGroup;
			children = (
				30AFC5B924401FD30090BFA4 /* Base */,
			);
			name = LaunchScreen.storyboard;
			sourceTree = "<group>";
		};
/* End PBXVariantGroup section */

/* Begin XCBuildConfiguration section */
		30AFC5D424401FD30090BFA4 /* Debug */ = {
			isa = XCBuildConfiguration;
			buildSettings = {
				ALWAYS_SEARCH_USER_PATHS = NO;
				CLANG_ANALYZER_NONNULL = YES;
				CLANG_ANALYZER_NUMBER_OBJECT_CONVERSION = YES_AGGRESSIVE;
				CLANG_CXX_LANGUAGE_STANDARD = "gnu++14";
				CLANG_CXX_LIBRARY = "libc++";
				CLANG_ENABLE_MODULES = YES;
				CLANG_ENABLE_OBJC_ARC = YES;
				CLANG_ENABLE_OBJC_WEAK = YES;
				CLANG_WARN_BLOCK_CAPTURE_AUTORELEASING = YES;
				CLANG_WARN_BOOL_CONVERSION = YES;
				CLANG_WARN_COMMA = YES;
				CLANG_WARN_CONSTANT_CONVERSION = YES;
				CLANG_WARN_DEPRECATED_OBJC_IMPLEMENTATIONS = YES;
				CLANG_WARN_DIRECT_OBJC_ISA_USAGE = YES_ERROR;
				CLANG_WARN_DOCUMENTATION_COMMENTS = YES;
				CLANG_WARN_EMPTY_BODY = YES;
				CLANG_WARN_ENUM_CONVERSION = YES;
				CLANG_WARN_INFINITE_RECURSION = YES;
				CLANG_WARN_INT_CONVERSION = YES;
				CLANG_WARN_NON_LITERAL_NULL_CONVERSION = YES;
				CLANG_WARN_OBJC_IMPLICIT_RETAIN_SELF = YES;
				CLANG_WARN_OBJC_LITERAL_CONVERSION = YES;
				CLANG_WARN_OBJC_ROOT_CLASS = YES_ERROR;
				CLANG_WARN_RANGE_LOOP_ANALYSIS = YES;
				CLANG_WARN_STRICT_PROTOTYPES = YES;
				CLANG_WARN_SUSPICIOUS_MOVE = YES;
				CLANG_WARN_UNGUARDED_AVAILABILITY = YES_AGGRESSIVE;
				CLANG_WARN_UNREACHABLE_CODE = YES;
				CLANG_WARN__DUPLICATE_METHOD_MATCH = YES;
				COPY_PHASE_STRIP = NO;
				DEBUG_INFORMATION_FORMAT = dwarf;
				ENABLE_STRICT_OBJC_MSGSEND = YES;
				ENABLE_TESTABILITY = YES;
				GCC_C_LANGUAGE_STANDARD = gnu11;
				GCC_DYNAMIC_NO_PIC = NO;
				GCC_NO_COMMON_BLOCKS = YES;
				GCC_OPTIMIZATION_LEVEL = 0;
				GCC_PREPROCESSOR_DEFINITIONS = (
					"DEBUG=1",
					"$(inherited)",
				);
				GCC_WARN_64_TO_32_BIT_CONVERSION = YES;
				GCC_WARN_ABOUT_RETURN_TYPE = YES_ERROR;
				GCC_WARN_UNDECLARED_SELECTOR = YES;
				GCC_WARN_UNINITIALIZED_AUTOS = YES_AGGRESSIVE;
				GCC_WARN_UNUSED_FUNCTION = YES;
				GCC_WARN_UNUSED_VARIABLE = YES;
				IPHONEOS_DEPLOYMENT_TARGET = 13.2;
				MTL_ENABLE_DEBUG_INFO = INCLUDE_SOURCE;
				MTL_FAST_MATH = YES;
				ONLY_ACTIVE_ARCH = YES;
				SDKROOT = iphoneos;
			};
			name = Debug;
		};
		30AFC5D524401FD30090BFA4 /* Release */ = {
			isa = XCBuildConfiguration;
			buildSettings = {
				ALWAYS_SEARCH_USER_PATHS = NO;
				CLANG_ANALYZER_NONNULL = YES;
				CLANG_ANALYZER_NUMBER_OBJECT_CONVERSION = YES_AGGRESSIVE;
				CLANG_CXX_LANGUAGE_STANDARD = "gnu++14";
				CLANG_CXX_LIBRARY = "libc++";
				CLANG_ENABLE_MODULES = YES;
				CLANG_ENABLE_OBJC_ARC = YES;
				CLANG_ENABLE_OBJC_WEAK = YES;
				CLANG_WARN_BLOCK_CAPTURE_AUTORELEASING = YES;
				CLANG_WARN_BOOL_CONVERSION = YES;
				CLANG_WARN_COMMA = YES;
				CLANG_WARN_CONSTANT_CONVERSION = YES;
				CLANG_WARN_DEPRECATED_OBJC_IMPLEMENTATIONS = YES;
				CLANG_WARN_DIRECT_OBJC_ISA_USAGE = YES_ERROR;
				CLANG_WARN_DOCUMENTATION_COMMENTS = YES;
				CLANG_WARN_EMPTY_BODY = YES;
				CLANG_WARN_ENUM_CONVERSION = YES;
				CLANG_WARN_INFINITE_RECURSION = YES;
				CLANG_WARN_INT_CONVERSION = YES;
				CLANG_WARN_NON_LITERAL_NULL_CONVERSION = YES;
				CLANG_WARN_OBJC_IMPLICIT_RETAIN_SELF = YES;
				CLANG_WARN_OBJC_LITERAL_CONVERSION = YES;
				CLANG_WARN_OBJC_ROOT_CLASS = YES_ERROR;
				CLANG_WARN_RANGE_LOOP_ANALYSIS = YES;
				CLANG_WARN_STRICT_PROTOTYPES = YES;
				CLANG_WARN_SUSPICIOUS_MOVE = YES;
				CLANG_WARN_UNGUARDED_AVAILABILITY = YES_AGGRESSIVE;
				CLANG_WARN_UNREACHABLE_CODE = YES;
				CLANG_WARN__DUPLICATE_METHOD_MATCH = YES;
				COPY_PHASE_STRIP = NO;
				DEBUG_INFORMATION_FORMAT = "dwarf-with-dsym";
				ENABLE_NS_ASSERTIONS = NO;
				ENABLE_STRICT_OBJC_MSGSEND = YES;
				GCC_C_LANGUAGE_STANDARD = gnu11;
				GCC_NO_COMMON_BLOCKS = YES;
				GCC_WARN_64_TO_32_BIT_CONVERSION = YES;
				GCC_WARN_ABOUT_RETURN_TYPE = YES_ERROR;
				GCC_WARN_UNDECLARED_SELECTOR = YES;
				GCC_WARN_UNINITIALIZED_AUTOS = YES_AGGRESSIVE;
				GCC_WARN_UNUSED_FUNCTION = YES;
				GCC_WARN_UNUSED_VARIABLE = YES;
				IPHONEOS_DEPLOYMENT_TARGET = 13.2;
				MTL_ENABLE_DEBUG_INFO = NO;
				MTL_FAST_MATH = YES;
				SDKROOT = iphoneos;
				VALIDATE_PRODUCT = YES;
			};
			name = Release;
		};
		30AFC5D724401FD30090BFA4 /* Debug */ = {
			isa = XCBuildConfiguration;
			baseConfigurationReference = 61B592F567E1D8B5D1E97E1A /* Pods-ForiOS.debug.xcconfig */;
			buildSettings = {
				ASSETCATALOG_COMPILER_APPICON_NAME = AppIcon;
				CLANG_ENABLE_MODULES = YES;
				CODE_SIGN_STYLE = Automatic;
				INFOPLIST_FILE = ForiOS/Info.plist;
				LD_RUNPATH_SEARCH_PATHS = (
					"$(inherited)",
					"@executable_path/Frameworks",
				);
				PRODUCT_BUNDLE_IDENTIFIER = gaoyuan.ForiOS;
				PRODUCT_NAME = "$(TARGET_NAME)";
				SWIFT_OBJC_BRIDGING_HEADER = "ForiOS/Swift/ForiOS-Bridging-Header.h";
				SWIFT_OPTIMIZATION_LEVEL = "-Onone";
				SWIFT_VERSION = 5.0;
				TARGETED_DEVICE_FAMILY = "1,2";
			};
			name = Debug;
		};
		30AFC5D824401FD30090BFA4 /* Release */ = {
			isa = XCBuildConfiguration;
			baseConfigurationReference = D9D2F329F101A1411EAD32B9 /* Pods-ForiOS.release.xcconfig */;
			buildSettings = {
				ASSETCATALOG_COMPILER_APPICON_NAME = AppIcon;
				CLANG_ENABLE_MODULES = YES;
				CODE_SIGN_STYLE = Automatic;
				INFOPLIST_FILE = ForiOS/Info.plist;
				LD_RUNPATH_SEARCH_PATHS = (
					"$(inherited)",
					"@executable_path/Frameworks",
				);
				PRODUCT_BUNDLE_IDENTIFIER = gaoyuan.ForiOS;
				PRODUCT_NAME = "$(TARGET_NAME)";
				SWIFT_OBJC_BRIDGING_HEADER = "ForiOS/Swift/ForiOS-Bridging-Header.h";
				SWIFT_VERSION = 5.0;
				TARGETED_DEVICE_FAMILY = "1,2";
			};
			name = Release;
		};
		30AFC5DA24401FD30090BFA4 /* Debug */ = {
			isa = XCBuildConfiguration;
			buildSettings = {
				ALWAYS_EMBED_SWIFT_STANDARD_LIBRARIES = YES;
				BUNDLE_LOADER = "$(TEST_HOST)";
				CODE_SIGN_STYLE = Automatic;
				INFOPLIST_FILE = ForiOSTests/Info.plist;
				IPHONEOS_DEPLOYMENT_TARGET = 13.2;
				LD_RUNPATH_SEARCH_PATHS = (
					"$(inherited)",
					"@executable_path/Frameworks",
					"@loader_path/Frameworks",
				);
				PRODUCT_BUNDLE_IDENTIFIER = gaoyuan.ForiOSTests;
				PRODUCT_NAME = "$(TARGET_NAME)";
				TARGETED_DEVICE_FAMILY = "1,2";
				TEST_HOST = "$(BUILT_PRODUCTS_DIR)/ForiOS.app/ForiOS";
			};
			name = Debug;
		};
		30AFC5DB24401FD30090BFA4 /* Release */ = {
			isa = XCBuildConfiguration;
			buildSettings = {
				ALWAYS_EMBED_SWIFT_STANDARD_LIBRARIES = YES;
				BUNDLE_LOADER = "$(TEST_HOST)";
				CODE_SIGN_STYLE = Automatic;
				INFOPLIST_FILE = ForiOSTests/Info.plist;
				IPHONEOS_DEPLOYMENT_TARGET = 13.2;
				LD_RUNPATH_SEARCH_PATHS = (
					"$(inherited)",
					"@executable_path/Frameworks",
					"@loader_path/Frameworks",
				);
				PRODUCT_BUNDLE_IDENTIFIER = gaoyuan.ForiOSTests;
				PRODUCT_NAME = "$(TARGET_NAME)";
				TARGETED_DEVICE_FAMILY = "1,2";
				TEST_HOST = "$(BUILT_PRODUCTS_DIR)/ForiOS.app/ForiOS";
			};
			name = Release;
		};
		30AFC5DD24401FD30090BFA4 /* Debug */ = {
			isa = XCBuildConfiguration;
			buildSettings = {
				ALWAYS_EMBED_SWIFT_STANDARD_LIBRARIES = YES;
				CODE_SIGN_STYLE = Automatic;
				INFOPLIST_FILE = ForiOSUITests/Info.plist;
				LD_RUNPATH_SEARCH_PATHS = (
					"$(inherited)",
					"@executable_path/Frameworks",
					"@loader_path/Frameworks",
				);
				PRODUCT_BUNDLE_IDENTIFIER = gaoyuan.ForiOSUITests;
				PRODUCT_NAME = "$(TARGET_NAME)";
				TARGETED_DEVICE_FAMILY = "1,2";
				TEST_TARGET_NAME = ForiOS;
			};
			name = Debug;
		};
		30AFC5DE24401FD30090BFA4 /* Release */ = {
			isa = XCBuildConfiguration;
			buildSettings = {
				ALWAYS_EMBED_SWIFT_STANDARD_LIBRARIES = YES;
				CODE_SIGN_STYLE = Automatic;
				INFOPLIST_FILE = ForiOSUITests/Info.plist;
				LD_RUNPATH_SEARCH_PATHS = (
					"$(inherited)",
					"@executable_path/Frameworks",
					"@loader_path/Frameworks",
				);
				PRODUCT_BUNDLE_IDENTIFIER = gaoyuan.ForiOSUITests;
				PRODUCT_NAME = "$(TARGET_NAME)";
				TARGETED_DEVICE_FAMILY = "1,2";
				TEST_TARGET_NAME = ForiOS;
			};
			name = Release;
		};
/* End XCBuildConfiguration section */

/* Begin XCConfigurationList section */
		30AFC5A224401FD10090BFA4 /* Build configuration list for PBXProject "ForiOS" */ = {
			isa = XCConfigurationList;
			buildConfigurations = (
				30AFC5D424401FD30090BFA4 /* Debug */,
				30AFC5D524401FD30090BFA4 /* Release */,
			);
			defaultConfigurationIsVisible = 0;
			defaultConfigurationName = Release;
		};
		30AFC5D624401FD30090BFA4 /* Build configuration list for PBXNativeTarget "ForiOS" */ = {
			isa = XCConfigurationList;
			buildConfigurations = (
				30AFC5D724401FD30090BFA4 /* Debug */,
				30AFC5D824401FD30090BFA4 /* Release */,
			);
			defaultConfigurationIsVisible = 0;
			defaultConfigurationName = Release;
		};
		30AFC5D924401FD30090BFA4 /* Build configuration list for PBXNativeTarget "ForiOSTests" */ = {
			isa = XCConfigurationList;
			buildConfigurations = (
				30AFC5DA24401FD30090BFA4 /* Debug */,
				30AFC5DB24401FD30090BFA4 /* Release */,
			);
			defaultConfigurationIsVisible = 0;
			defaultConfigurationName = Release;
		};
		30AFC5DC24401FD30090BFA4 /* Build configuration list for PBXNativeTarget "ForiOSUITests" */ = {
			isa = XCConfigurationList;
			buildConfigurations = (
				30AFC5DD24401FD30090BFA4 /* Debug */,
				30AFC5DE24401FD30090BFA4 /* Release */,
			);
			defaultConfigurationIsVisible = 0;
			defaultConfigurationName = Release;
		};
/* End XCConfigurationList section */
	};
	rootObject = 30AFC59F24401FD10090BFA4 /* Project object */;
}
